PODS:
  - Base32 (1.1.2)
  - EasyTipView (2.0.4)
  - GRDB.swift (4.14.0):
    - GRDB.swift/standard (= 4.14.0)
  - GRDB.swift/standard (4.14.0)
  - KeychainAccess (4.2.0)
  - OneTimePassword (3.2.0):
    - Base32 (~> 1.1.2)
  - SDCAlertView (11.1.2)
  - Snabble (0.14.0):
    - Snabble/Core (= 0.14.0)
    - Snabble/UI (= 0.14.0)
  - Snabble/Core (0.14.0):
    - GRDB.swift (~> 4)
    - KeychainAccess (~> 4)
    - OneTimePassword (~> 3)
    - TrustKit (~> 1)
    - Zip (~> 1)
  - Snabble/UI (0.14.0):
    - EasyTipView (~> 2)
    - SDCAlertView (~> 11.1)
    - Snabble/Core
    - UIEmptyState (~> 4)
  - TrustKit (1.6.5)
  - UIEmptyState (4.0.1)
  - Zip (1.1.0)

DEPENDENCIES:
  - Snabble (from `../`)

SPEC REPOS:
  trunk:
    - Base32
    - EasyTipView
    - GRDB.swift
    - KeychainAccess
    - OneTimePassword
    - SDCAlertView
    - TrustKit
    - UIEmptyState
    - Zip

EXTERNAL SOURCES:
  Snabble:
    :path: "../"

SPEC CHECKSUMS:
  Base32: 163c298644d184e89ca4e00a996bad6bf5166390
  EasyTipView: 4f8beae0a82db2ca4a9b5fd658785fc5f61d296b
  GRDB.swift: 8cc3ab7c8b8b4ac1761deb8dca4b51c1c9d429f8
  KeychainAccess: 3f760109aa99b05d0f231e28b22642da7153e38a
  OneTimePassword: c00ecc908e67e6c5bfda9d50b0b2e4696d0b066e
  SDCAlertView: 26b5dabdd3c2e6f16c88bad231c84447fa42b0dc
  Snabble: 0026b3a3f2e5ebc77ce01ea00f0bf94605090b5c
  TrustKit: 073855e3adecd317417bda4ac9e9ac54a2e3b9f2
  UIEmptyState: 767376694d9402452fb3c0a5a5283176c6a53c92
  Zip: 8877eede3dda76bcac281225c20e71c25270774c

PODFILE CHECKSUM: fa5d7ef3ccb696fe5abe67cfcf36a0a7c0c77338

COCOAPODS: 1.9.3
