PODS:
  - AutoLayout-Helper (1.1.0)
  - Base32 (1.1.2)
  - Datatrans (2.1.0)
  - DeviceKit (4.7.0)
  - GRDB.swift (5.26.1):
    - GRDB.swift/standard (= 5.26.1)
  - GRDB.swift/standard (5.26.1)
  - KeychainAccess (4.2.2)
  - OneTimePassword (3.2.0):
    - Base32 (~> 1.1.2)
  - Pulley (2.9.1)
  - SDCAlertView (12.0.2)
  - Snabble (0.21.0):
    - Snabble/Core (= 0.21.0)
    - Snabble/UI (= 0.21.0)
  - Snabble/Core (0.21.0):
    - GRDB.swift (~> 5)
    - KeychainAccess (~> 4)
    - OneTimePassword (~> 3)
    - SwiftBase32 (~> 0.9.0)
    - TrustKit (~> 2)
    - Zip (~> 2)
  - Snabble/Datatrans (0.21.0):
    - Datatrans (~> 2.1.0)
    - Snabble/UI
  - Snabble/UI (0.21.0):
    - AutoLayout-Helper
    - DeviceKit (~> 4)
    - Pulley (~> 2.9)
    - SDCAlertView (~> 12)
    - Snabble/Core
    - WCAG-Colors
  - SwiftBase32 (0.9.0)
  - TrustKit (2.0.1)
  - WCAG-Colors (1.0.0)
  - Zip (2.1.2)

DEPENDENCIES:
  - Snabble (from `../`)
  - Snabble/Datatrans (from `../`)

SPEC REPOS:
  trunk:
    - AutoLayout-Helper
    - Base32
    - Datatrans
    - DeviceKit
    - GRDB.swift
    - KeychainAccess
    - OneTimePassword
    - Pulley
    - SDCAlertView
    - SwiftBase32
    - TrustKit
    - WCAG-Colors
    - Zip

EXTERNAL SOURCES:
  Snabble:
    :path: "../"

SPEC CHECKSUMS:
  AutoLayout-Helper: cef12ab4c7169facf772b2afaaeecce23e898999
  Base32: 163c298644d184e89ca4e00a996bad6bf5166390
  Datatrans: 6d599ac9031b44a4688ed8e3e31f35063258072a
  DeviceKit: c870c34f7c0e0ac4caa6f052e6efe7ef1472c5a1
  GRDB.swift: e98cd55ec99dea5da99355d588149063e4cfa0eb
  KeychainAccess: c0c4f7f38f6fc7bbe58f5702e25f7bd2f65abf51
  OneTimePassword: c00ecc908e67e6c5bfda9d50b0b2e4696d0b066e
  Pulley: a4c28c930958f42978d69631000bc1abb82cb232
  SDCAlertView: 1c0410de80548da3fed142ded0b97644d9848577
  Snabble: 08a8ca0fc6ef162b9496505604cb0d161554eb01
  SwiftBase32: 9399c25a80666dc66b51e10076bf591e3bbb8f17
  TrustKit: dad4c3a08248c21fcb9a3b5be3c2e2b9d4f9b973
  WCAG-Colors: 4aca2fd6c2dce9cd1211c5bf3cda1e8c531d3d2c
  Zip: b3fef584b147b6e582b2256a9815c897d60ddc67

PODFILE CHECKSUM: 67b8a85ef9a6d4d0d28322f31e55bdd9b4207436

COCOAPODS: 1.11.3
