PODS:
  - Base32 (1.1.2)
  - EasyTipView (2.0.4)
  - GRDB.swift (4.12.0):
    - GRDB.swift/standard (= 4.12.0)
  - GRDB.swift/standard (4.12.0)
  - KeychainAccess (4.1.0)
  - OneTimePassword (3.2.0):
    - Base32 (~> 1.1.2)
  - Snabble (0.12.7):
    - Snabble/Core (= 0.12.7)
    - Snabble/UI (= 0.12.7)
  - Snabble/Core (0.12.7):
    - GRDB.swift (~> 4)
    - KeychainAccess (~> 4)
    - OneTimePassword (~> 3)
    - TrustKit (~> 1)
    - Zip (~> 1)
  - Snabble/UI (0.12.7):
    - EasyTipView (~> 2)
    - Snabble/Core
    - UIEmptyState (~> 4)
  - TrustKit (1.6.5)
  - UIEmptyState (4.0.1)
  - Zip (1.1.0)

DEPENDENCIES:
  - Snabble (from `../`)

SPEC REPOS:
  trunk:
    - Base32
    - EasyTipView
    - GRDB.swift
    - KeychainAccess
    - OneTimePassword
    - TrustKit
    - UIEmptyState
    - Zip

EXTERNAL SOURCES:
  Snabble:
    :path: "../"

SPEC CHECKSUMS:
  Base32: 163c298644d184e89ca4e00a996bad6bf5166390
  EasyTipView: 4f8beae0a82db2ca4a9b5fd658785fc5f61d296b
  GRDB.swift: 0a48d51f7152fbe5eb702ce978864a55def0c586
  KeychainAccess: 445e28864fe6d3458b41fa211bcdc39890e8bd5a
  OneTimePassword: c00ecc908e67e6c5bfda9d50b0b2e4696d0b066e
  Snabble: d35a967e81e66376a2be42b9ef798bb9f7a15209
  TrustKit: 073855e3adecd317417bda4ac9e9ac54a2e3b9f2
  UIEmptyState: 767376694d9402452fb3c0a5a5283176c6a53c92
  Zip: 8877eede3dda76bcac281225c20e71c25270774c

PODFILE CHECKSUM: 20f1e2d354ddfb8816a4ad4a199d8bf89e0161ed

COCOAPODS: 1.9.1
