// !$*UTF8*$!
{
	archiveVersion = 1;
	classes = {
	};
	objectVersion = 54;
	objects = {

/* Begin PBXBuildFile section */
		3A64AF302710486300AF24C6 /* AccountViewController.swift in Sources */ = {isa = PBXBuildFile; fileRef = 3A64AF2F2710486300AF24C6 /* AccountViewController.swift */; };
		607FACD61AFB9204008FA782 /* AppDelegate.swift in Sources */ = {isa = PBXBuildFile; fileRef = 607FACD51AFB9204008FA782 /* AppDelegate.swift */; };
		607FACD81AFB9204008FA782 /* ScannerViewController.swift in Sources */ = {isa = PBXBuildFile; fileRef = 607FACD71AFB9204008FA782 /* ScannerViewController.swift */; };
		607FACDD1AFB9204008FA782 /* Assets.xcassets in Resources */ = {isa = PBXBuildFile; fileRef = 607FACDC1AFB9204008FA782 /* Assets.xcassets */; };
		607FACE01AFB9204008FA782 /* LaunchScreen.xib in Resources */ = {isa = PBXBuildFile; fileRef = 607FACDE1AFB9204008FA782 /* LaunchScreen.xib */; };
		7605C47328AC9794000105A8 /* Localizable.strings in Resources */ = {isa = PBXBuildFile; fileRef = 7605C47528AC9794000105A8 /* Localizable.strings */; };
		7605C5BF28AE4383000105A8 /* ShopsViewController.swift in Sources */ = {isa = PBXBuildFile; fileRef = 7605C5BE28AE4383000105A8 /* ShopsViewController.swift */; };
		767300F42E3A565D00087CA7 /* Snabble in Frameworks */ = {isa = PBXBuildFile; productRef = 767300F32E3A565D00087CA7 /* Snabble */; };
		769BBED62AE2E5CC001DB2EF /* ReceiptsViewController.swift in Sources */ = {isa = PBXBuildFile; fileRef = 769BBED52AE2E5CC001DB2EF /* ReceiptsViewController.swift */; };
		76AD21B128D42513003D865A /* privacy.html in Resources */ = {isa = PBXBuildFile; fileRef = 76AD21B028D42513003D865A /* privacy.html */; };
		76AD21B328D4331A003D865A /* terms.html in Resources */ = {isa = PBXBuildFile; fileRef = 76AD21B228D4331A003D865A /* terms.html */; };
		76C7B74A28BFA10700D94F4F /* DashboardViewController.swift in Sources */ = {isa = PBXBuildFile; fileRef = 76C7B74928BFA10700D94F4F /* DashboardViewController.swift */; };
		76C7B79028C1ACD900D94F4F /* Profile.json in Resources */ = {isa = PBXBuildFile; fileRef = 76C7B78F28C1ACD900D94F4F /* Profile.json */; };
		E127DB6F28C74A64005A7416 /* SnabbleConfig.swift in Sources */ = {isa = PBXBuildFile; fileRef = E127DB6E28C74A64005A7416 /* SnabbleConfig.swift */; };
		E161B0EE28B76DD9005061C4 /* Onboarding.json in Resources */ = {isa = PBXBuildFile; fileRef = E161B0EB28B76357005061C4 /* Onboarding.json */; };
		E16A6EA62AB846E800E6096D /* Settings.bundle in Resources */ = {isa = PBXBuildFile; fileRef = E16A6EA52AB8449300E6096D /* Settings.bundle */; };
		E1786CBF28BF351400CB7AF0 /* Dashboard.json in Resources */ = {isa = PBXBuildFile; fileRef = E1786CBE28BF351400CB7AF0 /* Dashboard.json */; };
		E1BEF67128B79B4900549104 /* imprint.html in Resources */ = {isa = PBXBuildFile; fileRef = E1BEF67028B79B4900549104 /* imprint.html */; };
		E1DA445E28B3668C0034427D /* AppDelegate+AssetProviding.swift in Sources */ = {isa = PBXBuildFile; fileRef = E1DA445D28B3668C0034427D /* AppDelegate+AssetProviding.swift */; };
		E1DA449C28B3A2BD0034427D /* LoadingViewController.swift in Sources */ = {isa = PBXBuildFile; fileRef = E1DA449B28B3A2BD0034427D /* LoadingViewController.swift */; };
/* End PBXBuildFile section */

/* Begin PBXFileReference section */
		3A64AF2F2710486300AF24C6 /* AccountViewController.swift */ = {isa = PBXFileReference; lastKnownFileType = sourcecode.swift; path = AccountViewController.swift; sourceTree = "<group>"; };
		607FACD01AFB9204008FA782 /* SnabbleSampleApp.app */ = {isa = PBXFileReference; explicitFileType = wrapper.application; includeInIndex = 0; path = SnabbleSampleApp.app; sourceTree = BUILT_PRODUCTS_DIR; };
		607FACD41AFB9204008FA782 /* Info.plist */ = {isa = PBXFileReference; lastKnownFileType = text.plist.xml; path = Info.plist; sourceTree = "<group>"; };
		607FACD51AFB9204008FA782 /* AppDelegate.swift */ = {isa = PBXFileReference; lastKnownFileType = sourcecode.swift; path = AppDelegate.swift; sourceTree = "<group>"; };
		607FACD71AFB9204008FA782 /* ScannerViewController.swift */ = {isa = PBXFileReference; lastKnownFileType = sourcecode.swift; path = ScannerViewController.swift; sourceTree = "<group>"; };
		607FACDC1AFB9204008FA782 /* Assets.xcassets */ = {isa = PBXFileReference; lastKnownFileType = folder.assetcatalog; path = Assets.xcassets; sourceTree = "<group>"; };
		607FACDF1AFB9204008FA782 /* Base */ = {isa = PBXFileReference; lastKnownFileType = file.xib; name = Base; path = Base.lproj/LaunchScreen.xib; sourceTree = "<group>"; };
		7605C47428AC9794000105A8 /* en */ = {isa = PBXFileReference; lastKnownFileType = text.plist.strings; name = en; path = en.lproj/Localizable.strings; sourceTree = "<group>"; };
		7605C47628AC97B3000105A8 /* de */ = {isa = PBXFileReference; lastKnownFileType = text.plist.strings; name = de; path = de.lproj/Localizable.strings; sourceTree = "<group>"; };
		7605C5BE28AE4383000105A8 /* ShopsViewController.swift */ = {isa = PBXFileReference; lastKnownFileType = sourcecode.swift; path = ShopsViewController.swift; sourceTree = "<group>"; };
		7605C5C128AE44B1000105A8 /* en */ = {isa = PBXFileReference; lastKnownFileType = text.plist.strings; name = en; path = en.lproj/InfoPlist.strings; sourceTree = "<group>"; };
		7605C5C228AE44D7000105A8 /* de */ = {isa = PBXFileReference; lastKnownFileType = text.plist.strings; name = de; path = de.lproj/InfoPlist.strings; sourceTree = "<group>"; };
		76151FDB28D2FC4800C08D97 /* SnabbleSampleApp.entitlements */ = {isa = PBXFileReference; lastKnownFileType = text.plist.entitlements; path = SnabbleSampleApp.entitlements; sourceTree = "<group>"; };
		769BBED52AE2E5CC001DB2EF /* ReceiptsViewController.swift */ = {isa = PBXFileReference; lastKnownFileType = sourcecode.swift; path = ReceiptsViewController.swift; sourceTree = "<group>"; };
		76AD21B028D42513003D865A /* privacy.html */ = {isa = PBXFileReference; lastKnownFileType = text.html; path = privacy.html; sourceTree = "<group>"; };
		76AD21B228D4331A003D865A /* terms.html */ = {isa = PBXFileReference; lastKnownFileType = text.html; path = terms.html; sourceTree = "<group>"; };
		76C7B74928BFA10700D94F4F /* DashboardViewController.swift */ = {isa = PBXFileReference; lastKnownFileType = sourcecode.swift; path = DashboardViewController.swift; sourceTree = "<group>"; };
		76C7B78F28C1ACD900D94F4F /* Profile.json */ = {isa = PBXFileReference; lastKnownFileType = text.json; path = Profile.json; sourceTree = "<group>"; };
		76CE06962902ED8C00E643A6 /* snabble-ios-sdk */ = {isa = PBXFileReference; lastKnownFileType = wrapper; name = "snabble-ios-sdk"; path = ..; sourceTree = "<group>"; };
		E127DB6E28C74A64005A7416 /* SnabbleConfig.swift */ = {isa = PBXFileReference; lastKnownFileType = sourcecode.swift; path = SnabbleConfig.swift; sourceTree = "<group>"; };
		E161B03C28B64883005061C4 /* Snabble.gpx */ = {isa = PBXFileReference; lastKnownFileType = text.xml; path = Snabble.gpx; sourceTree = "<group>"; };
		E161B0EB28B76357005061C4 /* Onboarding.json */ = {isa = PBXFileReference; lastKnownFileType = text.json; path = Onboarding.json; sourceTree = "<group>"; };
		E16A6EA52AB8449300E6096D /* Settings.bundle */ = {isa = PBXFileReference; lastKnownFileType = "wrapper.plug-in"; path = Settings.bundle; sourceTree = "<group>"; };
		E1786CBE28BF351400CB7AF0 /* Dashboard.json */ = {isa = PBXFileReference; lastKnownFileType = text.json; path = Dashboard.json; sourceTree = "<group>"; };
		E1BEF67028B79B4900549104 /* imprint.html */ = {isa = PBXFileReference; fileEncoding = 4; lastKnownFileType = text.html; path = imprint.html; sourceTree = "<group>"; };
		E1DA445D28B3668C0034427D /* AppDelegate+AssetProviding.swift */ = {isa = PBXFileReference; lastKnownFileType = sourcecode.swift; path = "AppDelegate+AssetProviding.swift"; sourceTree = "<group>"; };
		E1DA449B28B3A2BD0034427D /* LoadingViewController.swift */ = {isa = PBXFileReference; lastKnownFileType = sourcecode.swift; path = LoadingViewController.swift; sourceTree = "<group>"; };
/* End PBXFileReference section */

/* Begin PBXFrameworksBuildPhase section */
		607FACCD1AFB9204008FA782 /* Frameworks */ = {
			isa = PBXFrameworksBuildPhase;
			buildActionMask = 2147483647;
			files = (
				767300F42E3A565D00087CA7 /* Snabble in Frameworks */,
			);
			runOnlyForDeploymentPostprocessing = 0;
		};
/* End PBXFrameworksBuildPhase section */

/* Begin PBXGroup section */
		607FACC71AFB9204008FA782 = {
			isa = PBXGroup;
			children = (
				76CE06962902ED8C00E643A6 /* snabble-ios-sdk */,
				76151FDB28D2FC4800C08D97 /* SnabbleSampleApp.entitlements */,
				607FACD21AFB9204008FA782 /* Sources */,
				607FACD11AFB9204008FA782 /* Products */,
				649282D5B1D228389A97EBA1 /* Frameworks */,
			);
			sourceTree = "<group>";
		};
		607FACD11AFB9204008FA782 /* Products */ = {
			isa = PBXGroup;
			children = (
				607FACD01AFB9204008FA782 /* SnabbleSampleApp.app */,
			);
			name = Products;
			sourceTree = "<group>";
		};
		607FACD21AFB9204008FA782 /* Sources */ = {
			isa = PBXGroup;
			children = (
				E1786E0028C0F99200CB7AF0 /* ViewController */,
				E161B0F028B78F70005061C4 /* Utility */,
				607FACD51AFB9204008FA782 /* AppDelegate.swift */,
				E1DA445D28B3668C0034427D /* AppDelegate+AssetProviding.swift */,
				607FACDC1AFB9204008FA782 /* Assets.xcassets */,
				607FACDE1AFB9204008FA782 /* LaunchScreen.xib */,
				607FACD31AFB9204008FA782 /* Supporting Files */,
			);
			name = Sources;
			path = Snabble;
			sourceTree = "<group>";
		};
		607FACD31AFB9204008FA782 /* Supporting Files */ = {
			isa = PBXGroup;
			children = (
				76C7B79128C1ACE400D94F4F /* Profile */,
				E1786CBD28BF34F400CB7AF0 /* Dashboard */,
				E161B0ED28B76C23005061C4 /* Onboarding */,
				607FACD41AFB9204008FA782 /* Info.plist */,
				7605C47528AC9794000105A8 /* Localizable.strings */,
				7605C5C028AE44B1000105A8 /* InfoPlist.strings */,
				E161B03C28B64883005061C4 /* Snabble.gpx */,
				E16A6EA52AB8449300E6096D /* Settings.bundle */,
			);
			name = "Supporting Files";
			sourceTree = "<group>";
		};
		649282D5B1D228389A97EBA1 /* Frameworks */ = {
			isa = PBXGroup;
			children = (
			);
			name = Frameworks;
			sourceTree = "<group>";
		};
		76C7B79128C1ACE400D94F4F /* Profile */ = {
			isa = PBXGroup;
			children = (
				76C7B78F28C1ACD900D94F4F /* Profile.json */,
				76AD21B028D42513003D865A /* privacy.html */,
				76AD21B228D4331A003D865A /* terms.html */,
			);
			name = Profile;
			sourceTree = "<group>";
		};
		E161B0ED28B76C23005061C4 /* Onboarding */ = {
			isa = PBXGroup;
			children = (
				E1BEF67028B79B4900549104 /* imprint.html */,
				E161B0EB28B76357005061C4 /* Onboarding.json */,
			);
			name = Onboarding;
			sourceTree = "<group>";
		};
		E161B0F028B78F70005061C4 /* Utility */ = {
			isa = PBXGroup;
			children = (
				E127DB6E28C74A64005A7416 /* SnabbleConfig.swift */,
			);
			name = Utility;
			sourceTree = "<group>";
		};
		E1786CBD28BF34F400CB7AF0 /* Dashboard */ = {
			isa = PBXGroup;
			children = (
				E1786CBE28BF351400CB7AF0 /* Dashboard.json */,
			);
			name = Dashboard;
			sourceTree = "<group>";
		};
		E1786E0028C0F99200CB7AF0 /* ViewController */ = {
			isa = PBXGroup;
			children = (
				E1DA449B28B3A2BD0034427D /* LoadingViewController.swift */,
				3A64AF2F2710486300AF24C6 /* AccountViewController.swift */,
				7605C5BE28AE4383000105A8 /* ShopsViewController.swift */,
				769BBED52AE2E5CC001DB2EF /* ReceiptsViewController.swift */,
				76C7B74928BFA10700D94F4F /* DashboardViewController.swift */,
				607FACD71AFB9204008FA782 /* ScannerViewController.swift */,
			);
			name = ViewController;
			sourceTree = "<group>";
		};
/* End PBXGroup section */

/* Begin PBXNativeTarget section */
		607FACCF1AFB9204008FA782 /* SnabbleSampleApp */ = {
			isa = PBXNativeTarget;
			buildConfigurationList = 607FACEF1AFB9204008FA782 /* Build configuration list for PBXNativeTarget "SnabbleSampleApp" */;
			buildPhases = (
				E16A6EA72AB847E800E6096D /* LicensePlist */,
				E10C1A4C2AB8670C0071578D /* SwiftLint */,
				607FACCC1AFB9204008FA782 /* Sources */,
				607FACCD1AFB9204008FA782 /* Frameworks */,
				607FACCE1AFB9204008FA782 /* Resources */,
			);
			buildRules = (
			);
			dependencies = (
			);
			name = SnabbleSampleApp;
			packageProductDependencies = (
				767300F32E3A565D00087CA7 /* Snabble */,
			);
			productName = Snabble;
			productReference = 607FACD01AFB9204008FA782 /* SnabbleSampleApp.app */;
			productType = "com.apple.product-type.application";
		};
/* End PBXNativeTarget section */

/* Begin PBXProject section */
		607FACC81AFB9204008FA782 /* Project object */ = {
			isa = PBXProject;
			attributes = {
				BuildIndependentTargetsInParallel = YES;
				DefaultBuildSystemTypeForWorkspace = Latest;
				LastSwiftUpdateCheck = 1340;
				LastUpgradeCheck = 1500;
				ORGANIZATIONNAME = snabble;
				TargetAttributes = {
					607FACCF1AFB9204008FA782 = {
						CreatedOnToolsVersion = 6.3.1;
						DevelopmentTeam = 53K7JS449L;
						LastSwiftMigration = 1020;
						ProvisioningStyle = Automatic;
					};
				};
			};
			buildConfigurationList = 607FACCB1AFB9204008FA782 /* Build configuration list for PBXProject "SnabbleSampleApp" */;
			compatibilityVersion = "Xcode 3.2";
			developmentRegion = en;
			hasScannedForEncodings = 0;
			knownRegions = (
				en,
				Base,
				de,
			);
			mainGroup = 607FACC71AFB9204008FA782;
			packageReferences = (
			);
			productRefGroup = 607FACD11AFB9204008FA782 /* Products */;
			projectDirPath = "";
			projectRoot = "";
			targets = (
				607FACCF1AFB9204008FA782 /* SnabbleSampleApp */,
			);
		};
/* End PBXProject section */

/* Begin PBXResourcesBuildPhase section */
		607FACCE1AFB9204008FA782 /* Resources */ = {
			isa = PBXResourcesBuildPhase;
			buildActionMask = 2147483647;
			files = (
				607FACE01AFB9204008FA782 /* LaunchScreen.xib in Resources */,
				E161B0EE28B76DD9005061C4 /* Onboarding.json in Resources */,
				E16A6EA62AB846E800E6096D /* Settings.bundle in Resources */,
				7605C47328AC9794000105A8 /* Localizable.strings in Resources */,
				607FACDD1AFB9204008FA782 /* Assets.xcassets in Resources */,
				E1786CBF28BF351400CB7AF0 /* Dashboard.json in Resources */,
				76C7B79028C1ACD900D94F4F /* Profile.json in Resources */,
				E1BEF67128B79B4900549104 /* imprint.html in Resources */,
				76AD21B128D42513003D865A /* privacy.html in Resources */,
				76AD21B328D4331A003D865A /* terms.html in Resources */,
			);
			runOnlyForDeploymentPostprocessing = 0;
		};
/* End PBXResourcesBuildPhase section */

/* Begin PBXShellScriptBuildPhase section */
		E10C1A4C2AB8670C0071578D /* SwiftLint */ = {
			isa = PBXShellScriptBuildPhase;
			alwaysOutOfDate = 1;
			buildActionMask = 2147483647;
			files = (
			);
			inputFileListPaths = (
			);
			inputPaths = (
			);
			name = SwiftLint;
			outputFileListPaths = (
			);
			outputPaths = (
			);
			runOnlyForDeploymentPostprocessing = 0;
			shellPath = /bin/sh;
			shellScript = "if [[ -z \"$CI_XCODE_CLOUD\" ]]; then\n    if which mint > /dev/null; then\n        cd ../\n        mint run swiftlint --fix\n        mint run swiftlint\n    else\n        echo \"warning: Mint not installed, download from https://github.com/yonaskolb/Mint\"\n    fi\nfi\n";
		};
		E16A6EA72AB847E800E6096D /* LicensePlist */ = {
			isa = PBXShellScriptBuildPhase;
			alwaysOutOfDate = 1;
			buildActionMask = 2147483647;
			files = (
			);
			inputFileListPaths = (
			);
			inputPaths = (
			);
			name = LicensePlist;
			outputFileListPaths = (
			);
			outputPaths = (
			);
			runOnlyForDeploymentPostprocessing = 0;
			shellPath = /bin/sh;
			shellScript = "if [[ -z \"$CI_XCODE_CLOUD\" ]]; then\n    if [ $CONFIGURATION = \"Debug\" ]; then\n            if which mint > /dev/null; then\n            source \"$PROJECT_DIR/../.env\"\n            mint run mono0926/LicensePlist --output-path Snabble/Settings.bundle --force\n        else\n            echo \"warning: Mint not installed, download from https://github.com/yonaskolb/Mint\"\n        fi\n    fi\nfi\n";
		};
/* End PBXShellScriptBuildPhase section */

/* Begin PBXSourcesBuildPhase section */
		607FACCC1AFB9204008FA782 /* Sources */ = {
			isa = PBXSourcesBuildPhase;
			buildActionMask = 2147483647;
			files = (
				7605C5BF28AE4383000105A8 /* ShopsViewController.swift in Sources */,
				E1DA445E28B3668C0034427D /* AppDelegate+AssetProviding.swift in Sources */,
				E127DB6F28C74A64005A7416 /* SnabbleConfig.swift in Sources */,
				607FACD81AFB9204008FA782 /* ScannerViewController.swift in Sources */,
				769BBED62AE2E5CC001DB2EF /* ReceiptsViewController.swift in Sources */,
				E1DA449C28B3A2BD0034427D /* LoadingViewController.swift in Sources */,
				3A64AF302710486300AF24C6 /* AccountViewController.swift in Sources */,
				607FACD61AFB9204008FA782 /* AppDelegate.swift in Sources */,
				76C7B74A28BFA10700D94F4F /* DashboardViewController.swift in Sources */,
			);
			runOnlyForDeploymentPostprocessing = 0;
		};
/* End PBXSourcesBuildPhase section */

/* Begin PBXVariantGroup section */
		607FACDE1AFB9204008FA782 /* LaunchScreen.xib */ = {
			isa = PBXVariantGroup;
			children = (
				607FACDF1AFB9204008FA782 /* Base */,
			);
			name = LaunchScreen.xib;
			sourceTree = "<group>";
		};
		7605C47528AC9794000105A8 /* Localizable.strings */ = {
			isa = PBXVariantGroup;
			children = (
				7605C47428AC9794000105A8 /* en */,
				7605C47628AC97B3000105A8 /* de */,
			);
			name = Localizable.strings;
			sourceTree = "<group>";
		};
		7605C5C028AE44B1000105A8 /* InfoPlist.strings */ = {
			isa = PBXVariantGroup;
			children = (
				7605C5C128AE44B1000105A8 /* en */,
				7605C5C228AE44D7000105A8 /* de */,
			);
			name = InfoPlist.strings;
			sourceTree = "<group>";
		};
/* End PBXVariantGroup section */

/* Begin XCBuildConfiguration section */
		607FACED1AFB9204008FA782 /* Debug */ = {
			isa = XCBuildConfiguration;
			buildSettings = {
				ALWAYS_SEARCH_USER_PATHS = NO;
				ASSETCATALOG_COMPILER_GENERATE_SWIFT_ASSET_SYMBOL_EXTENSIONS = YES;
				CLANG_ANALYZER_LOCALIZABILITY_NONLOCALIZED = YES;
				CLANG_CXX_LANGUAGE_STANDARD = "gnu++0x";
				CLANG_CXX_LIBRARY = "libc++";
				CLANG_ENABLE_MODULES = YES;
				CLANG_ENABLE_OBJC_ARC = YES;
				CLANG_WARN_BLOCK_CAPTURE_AUTORELEASING = YES;
				CLANG_WARN_BOOL_CONVERSION = YES;
				CLANG_WARN_COMMA = YES;
				CLANG_WARN_CONSTANT_CONVERSION = YES;
				CLANG_WARN_DEPRECATED_OBJC_IMPLEMENTATIONS = YES;
				CLANG_WARN_DIRECT_OBJC_ISA_USAGE = YES_ERROR;
				CLANG_WARN_EMPTY_BODY = YES;
				CLANG_WARN_ENUM_CONVERSION = YES;
				CLANG_WARN_INFINITE_RECURSION = YES;
				CLANG_WARN_INT_CONVERSION = YES;
				CLANG_WARN_NON_LITERAL_NULL_CONVERSION = YES;
				CLANG_WARN_OBJC_IMPLICIT_RETAIN_SELF = YES;
				CLANG_WARN_OBJC_LITERAL_CONVERSION = YES;
				CLANG_WARN_OBJC_ROOT_CLASS = YES_ERROR;
				CLANG_WARN_QUOTED_INCLUDE_IN_FRAMEWORK_HEADER = YES;
				CLANG_WARN_RANGE_LOOP_ANALYSIS = YES;
				CLANG_WARN_STRICT_PROTOTYPES = YES;
				CLANG_WARN_SUSPICIOUS_MOVE = YES;
				CLANG_WARN_UNREACHABLE_CODE = YES;
				CLANG_WARN__DUPLICATE_METHOD_MATCH = YES;
				"CODE_SIGN_IDENTITY[sdk=iphoneos*]" = "iPhone Developer";
				COPY_PHASE_STRIP = NO;
				DEBUG_INFORMATION_FORMAT = "dwarf-with-dsym";
				ENABLE_STRICT_OBJC_MSGSEND = YES;
				ENABLE_TESTABILITY = YES;
				GCC_C_LANGUAGE_STANDARD = gnu99;
				GCC_DYNAMIC_NO_PIC = NO;
				GCC_NO_COMMON_BLOCKS = YES;
				GCC_OPTIMIZATION_LEVEL = 0;
				GCC_PREPROCESSOR_DEFINITIONS = (
					"DEBUG=1",
					"$(inherited)",
				);
				GCC_SYMBOLS_PRIVATE_EXTERN = NO;
				GCC_WARN_64_TO_32_BIT_CONVERSION = YES;
				GCC_WARN_ABOUT_RETURN_TYPE = YES_ERROR;
				GCC_WARN_UNDECLARED_SELECTOR = YES;
				GCC_WARN_UNINITIALIZED_AUTOS = YES_AGGRESSIVE;
				GCC_WARN_UNUSED_FUNCTION = YES;
				GCC_WARN_UNUSED_VARIABLE = YES;
				IPHONEOS_DEPLOYMENT_TARGET = 17.0;
				MTL_ENABLE_DEBUG_INFO = YES;
				ONLY_ACTIVE_ARCH = YES;
				SDKROOT = iphoneos;
				SWIFT_OPTIMIZATION_LEVEL = "-Onone";
			};
			name = Debug;
		};
		607FACEE1AFB9204008FA782 /* Release */ = {
			isa = XCBuildConfiguration;
			buildSettings = {
				ALWAYS_SEARCH_USER_PATHS = NO;
				ASSETCATALOG_COMPILER_GENERATE_SWIFT_ASSET_SYMBOL_EXTENSIONS = YES;
				CLANG_ANALYZER_LOCALIZABILITY_NONLOCALIZED = YES;
				CLANG_CXX_LANGUAGE_STANDARD = "gnu++0x";
				CLANG_CXX_LIBRARY = "libc++";
				CLANG_ENABLE_MODULES = YES;
				CLANG_ENABLE_OBJC_ARC = YES;
				CLANG_WARN_BLOCK_CAPTURE_AUTORELEASING = YES;
				CLANG_WARN_BOOL_CONVERSION = YES;
				CLANG_WARN_COMMA = YES;
				CLANG_WARN_CONSTANT_CONVERSION = YES;
				CLANG_WARN_DEPRECATED_OBJC_IMPLEMENTATIONS = YES;
				CLANG_WARN_DIRECT_OBJC_ISA_USAGE = YES_ERROR;
				CLANG_WARN_EMPTY_BODY = YES;
				CLANG_WARN_ENUM_CONVERSION = YES;
				CLANG_WARN_INFINITE_RECURSION = YES;
				CLANG_WARN_INT_CONVERSION = YES;
				CLANG_WARN_NON_LITERAL_NULL_CONVERSION = YES;
				CLANG_WARN_OBJC_IMPLICIT_RETAIN_SELF = YES;
				CLANG_WARN_OBJC_LITERAL_CONVERSION = YES;
				CLANG_WARN_OBJC_ROOT_CLASS = YES_ERROR;
				CLANG_WARN_QUOTED_INCLUDE_IN_FRAMEWORK_HEADER = YES;
				CLANG_WARN_RANGE_LOOP_ANALYSIS = YES;
				CLANG_WARN_STRICT_PROTOTYPES = YES;
				CLANG_WARN_SUSPICIOUS_MOVE = YES;
				CLANG_WARN_UNREACHABLE_CODE = YES;
				CLANG_WARN__DUPLICATE_METHOD_MATCH = YES;
				"CODE_SIGN_IDENTITY[sdk=iphoneos*]" = "iPhone Developer";
				COPY_PHASE_STRIP = NO;
				DEBUG_INFORMATION_FORMAT = "dwarf-with-dsym";
				ENABLE_NS_ASSERTIONS = NO;
				ENABLE_STRICT_OBJC_MSGSEND = YES;
				GCC_C_LANGUAGE_STANDARD = gnu99;
				GCC_NO_COMMON_BLOCKS = YES;
				GCC_WARN_64_TO_32_BIT_CONVERSION = YES;
				GCC_WARN_ABOUT_RETURN_TYPE = YES_ERROR;
				GCC_WARN_UNDECLARED_SELECTOR = YES;
				GCC_WARN_UNINITIALIZED_AUTOS = YES_AGGRESSIVE;
				GCC_WARN_UNUSED_FUNCTION = YES;
				GCC_WARN_UNUSED_VARIABLE = YES;
				IPHONEOS_DEPLOYMENT_TARGET = 17.0;
				MTL_ENABLE_DEBUG_INFO = NO;
				SDKROOT = iphoneos;
				SWIFT_COMPILATION_MODE = wholemodule;
				SWIFT_OPTIMIZATION_LEVEL = "-O";
				VALIDATE_PRODUCT = YES;
			};
			name = Release;
		};
		607FACF01AFB9204008FA782 /* Debug */ = {
			isa = XCBuildConfiguration;
			buildSettings = {
				ASSETCATALOG_COMPILER_APPICON_NAME = AppIcon;
				CODE_SIGN_ENTITLEMENTS = SnabbleSampleApp.entitlements;
				CODE_SIGN_IDENTITY = "Apple Development";
				CODE_SIGN_STYLE = Automatic;
				DEVELOPMENT_TEAM = 53K7JS449L;
				INFOPLIST_FILE = Snabble/Info.plist;
				IPHONEOS_DEPLOYMENT_TARGET = 17.6;
				LD_RUNPATH_SEARCH_PATHS = (
					"$(inherited)",
					"@executable_path/Frameworks",
				);
				MODULE_NAME = ExampleApp;
				PRODUCT_BUNDLE_IDENTIFIER = io.snabble.example.app;
				PRODUCT_NAME = "$(TARGET_NAME)";
				PROVISIONING_PROFILE_SPECIFIER = "";
				SWIFT_VERSION = 5.0;
			};
			name = Debug;
		};
		607FACF11AFB9204008FA782 /* Release */ = {
			isa = XCBuildConfiguration;
			buildSettings = {
				ASSETCATALOG_COMPILER_APPICON_NAME = AppIcon;
				CODE_SIGN_ENTITLEMENTS = SnabbleSampleApp.entitlements;
				CODE_SIGN_IDENTITY = "Apple Development";
				CODE_SIGN_STYLE = Automatic;
				DEVELOPMENT_TEAM = 53K7JS449L;
				INFOPLIST_FILE = Snabble/Info.plist;
				IPHONEOS_DEPLOYMENT_TARGET = 17.6;
				LD_RUNPATH_SEARCH_PATHS = (
					"$(inherited)",
					"@executable_path/Frameworks",
				);
				MODULE_NAME = ExampleApp;
				PRODUCT_BUNDLE_IDENTIFIER = io.snabble.example.app;
				PRODUCT_NAME = "$(TARGET_NAME)";
				PROVISIONING_PROFILE_SPECIFIER = "";
				SWIFT_VERSION = 5.0;
			};
			name = Release;
		};
/* End XCBuildConfiguration section */

/* Begin XCConfigurationList section */
		607FACCB1AFB9204008FA782 /* Build configuration list for PBXProject "SnabbleSampleApp" */ = {
			isa = XCConfigurationList;
			buildConfigurations = (
				607FACED1AFB9204008FA782 /* Debug */,
				607FACEE1AFB9204008FA782 /* Release */,
			);
			defaultConfigurationIsVisible = 0;
			defaultConfigurationName = Release;
		};
		607FACEF1AFB9204008FA782 /* Build configuration list for PBXNativeTarget "SnabbleSampleApp" */ = {
			isa = XCConfigurationList;
			buildConfigurations = (
				607FACF01AFB9204008FA782 /* Debug */,
				607FACF11AFB9204008FA782 /* Release */,
			);
			defaultConfigurationIsVisible = 0;
			defaultConfigurationName = Release;
		};
/* End XCConfigurationList section */

/* Begin XCSwiftPackageProductDependency section */
		767300F32E3A565D00087CA7 /* Snabble */ = {
			isa = XCSwiftPackageProductDependency;
			productName = Snabble;
		};
/* End XCSwiftPackageProductDependency section */
	};
	rootObject = 607FACC81AFB9204008FA782 /* Project object */;
}
