{
  "pins" : [
    {
      "identity" : "base32",
      "kind" : "remoteSourceControl",
      "location" : "https://github.com/mattrubin/Base32.git",
      "state" : {
        "revision" : "6389546e8e9a34a9d9db452726900383f3e4ac57",
        "version" : "1.2.0"
      }
    },
    {
      "identity" : "devicekit",
      "kind" : "remoteSourceControl",
      "location" : "https://github.com/devicekit/DeviceKit.git",
      "state" : {
        "revision" : "691fe8112cca20ebf0020a1709d4e0205400311c",
        "version" : "5.0.0"
      }
    },
    {
      "identity" : "grdb.swift",
      "kind" : "remoteSourceControl",
      "location" : "https://github.com/groue/GRDB.swift.git",
      "state" : {
        "revision" : "3df9e8e5c10bd152f02d9aa349a21a0c527e6bda",
        "version" : "6.2.0"
      }
    },
    {
      "identity" : "ios-sdk",
      "kind" : "remoteSourceControl",
      "location" : "https://github.com/datatrans/ios-sdk.git",
      "state" : {
        "revision" : "9f799e820372df52fee7587ea9135ceb6485469f",
        "version" : "2.3.1"
      }
    },
    {
      "identity" : "keychainaccess",
      "kind" : "remoteSourceControl",
      "location" : "https://github.com/kishikawakatsumi/KeychainAccess.git",
      "state" : {
        "revision" : "84e546727d66f1adc5439debad16270d0fdd04e7",
        "version" : "4.2.2"
      }
    },
    {
      "identity" : "onetimepassword",
      "kind" : "remoteSourceControl",
      "location" : "https://github.com/snabble/OneTimePassword.git",
      "state" : {
        "revision" : "b412d1f595cda264d98cb520bc7c8b9764914715",
        "version" : "3.2.1"
      }
    },
    {
      "identity" : "pulley",
      "kind" : "remoteSourceControl",
      "location" : "https://github.com/52inc/Pulley.git",
      "state" : {
        "revision" : "355bb7c53d4d430334422ad05a97fbe43ce326db",
        "version" : "2.9.1"
      }
    },
    {
      "identity" : "sdcalertview",
      "kind" : "remoteSourceControl",
      "location" : "https://github.com/sberrevoets/SDCAlertView.git",
      "state" : {
        "revision" : "925de6f34fc0c3d35264d16c056e43058d179b74",
        "version" : "12.0.2"
      }
    },
    {
      "identity" : "trustkit",
      "kind" : "remoteSourceControl",
      "location" : "https://github.com/datatheorem/TrustKit.git",
      "state" : {
        "revision" : "65d573e0e2687ea91ab0b1be377f9dd3eb1c2785",
        "version" : "2.0.1"
      }
    },
    {
      "identity" : "wcag-colors",
      "kind" : "remoteSourceControl",
      "location" : "https://github.com/chrs1885/WCAG-Colors.git",
      "state" : {
        "revision" : "b7f44fad81e8e17da7e6201265e1288e088e57f3",
        "version" : "1.0.0"
      }
    },
    {
      "identity" : "zip",
      "kind" : "remoteSourceControl",
      "location" : "https://github.com/marmelroy/Zip.git",
      "state" : {
        "revision" : "67fa55813b9e7b3b9acee9c0ae501def28746d76",
        "version" : "2.1.2"
      }
    }
  ],
  "version" : 2
}
