{
  "originHash" : "b40ad24e26a517e2c32f834284f68f763493b7ac2fa45f327115991e417f331a",
  "pins" : [
    {
      "identity" : "devicekit",
      "kind" : "remoteSourceControl",
      "location" : "https://github.com/devicekit/DeviceKit.git",
      "state" : {
        "revision" : "5757447e9f92c476ee2ca41ead7eb6db07936430",
        "version" : "5.4.0"
      }
    },
    {
      "identity" : "grdb.swift",
      "kind" : "remoteSourceControl",
      "location" : "https://github.com/groue/GRDB.swift.git",
      "state" : {
        "revision" : "57a4587b5b09ac706bc985288a62432ddbf20b09",
        "version" : "6.29.2"
      }
    },
    {
      "identity" : "ios-sdk",
      "kind" : "remoteSourceControl",
      "location" : "https://github.com/datatrans/ios-sdk.git",
      "state" : {
        "revision" : "5fadb269eb298ec83c8be7c57154e588a1d0e511",
        "version" : "3.7.0"
      }
    },
    {
      "identity" : "keychainaccess",
      "kind" : "remoteSourceControl",
      "location" : "https://github.com/kishikawakatsumi/KeychainAccess.git",
      "state" : {
        "revision" : "84e546727d66f1adc5439debad16270d0fdd04e7",
        "version" : "4.2.2"
      }
    },
    {
      "identity" : "pulley",
      "kind" : "remoteSourceControl",
      "location" : "https://github.com/snabble/Pulley.git",
      "state" : {
        "revision" : "1728c7ce69857134db82ad82300772a4364d2af5",
        "version" : "2.9.2"
      }
    },
    {
      "identity" : "sdcalertview",
      "kind" : "remoteSourceControl",
      "location" : "https://github.com/sberrevoets/SDCAlertView.git",
      "state" : {
        "revision" : "47014c1b6b629761874bb7585951f0c0d90d7823",
        "version" : "12.0.4"
      }
    },
    {
      "identity" : "swift-crypto",
      "kind" : "remoteSourceControl",
      "location" : "https://github.com/apple/swift-crypto.git",
      "state" : {
        "revision" : "46072478ca365fe48370993833cb22de9b41567f",
        "version" : "3.5.2"
      }
    },
    {
      "identity" : "swift-log",
      "kind" : "remoteSourceControl",
      "location" : "https://github.com/apple/swift-log.git",
      "state" : {
        "revision" : "9cb486020ebf03bfa5b5df985387a14a98744537",
        "version" : "1.6.1"
      }
    },
    {
      "identity" : "swift-tagged",
      "kind" : "remoteSourceControl",
      "location" : "https://github.com/pointfreeco/swift-tagged",
      "state" : {
        "revision" : "3907a9438f5b57d317001dc99f3f11b46882272b",
        "version" : "0.10.0"
      }
    },
    {
      "identity" : "swiftotp",
      "kind" : "remoteSourceControl",
      "location" : "https://github.com/lachlanbell/SwiftOTP",
      "state" : {
        "revision" : "9660551ea3df153c3cbacfa34ac3abbec73a8b84",
        "version" : "3.0.2"
      }
    },
    {
      "identity" : "trustkit",
      "kind" : "remoteSourceControl",
      "location" : "https://github.com/datatheorem/TrustKit.git",
      "state" : {
        "revision" : "2fb6ce731fd51f745f6cc3393462865b95c3df3c",
        "version" : "3.0.4"
      }
    },
    {
      "identity" : "wcag-colors",
      "kind" : "remoteSourceControl",
      "location" : "https://github.com/chrs1885/WCAG-Colors.git",
      "state" : {
        "revision" : "b7f44fad81e8e17da7e6201265e1288e088e57f3",
        "version" : "1.0.0"
      }
    },
    {
      "identity" : "zipfoundation",
      "kind" : "remoteSourceControl",
      "location" : "https://github.com/weichsel/ZIPFoundation.git",
      "state" : {
        "revision" : "02b6abe5f6eef7e3cbd5f247c5cc24e246efcfe0",
        "version" : "0.9.19"
      }
    }
  ],
  "version" : 3
}
