// !$*UTF8*$!
{
	archiveVersion = 1;
	classes = {
	};
	objectVersion = 56;
	objects = {

/* Begin PBXBuildFile section */
		7603BBA82B9F5B65000B220A /* CountryCallingCodeButtonView.swift in Sources */ = {isa = PBXBuildFile; fileRef = 7603BBA72B9F5B65000B220A /* CountryCallingCodeButtonView.swift */; };
		7691BA9B2976C3F400477EDD /* PhoneLoginApp.swift in Sources */ = {isa = PBXBuildFile; fileRef = 7691BA9A2976C3F400477EDD /* PhoneLoginApp.swift */; };
		7691BA9F2976C3F500477EDD /* Assets.xcassets in Resources */ = {isa = PBXBuildFile; fileRef = 7691BA9E2976C3F500477EDD /* Assets.xcassets */; };
		7691BAA32976C3F500477EDD /* Preview Assets.xcassets in Resources */ = {isa = PBXBuildFile; fileRef = 7691BAA22976C3F500477EDD /* Preview Assets.xcassets */; };
		76A1F0632B9F1C4E000CDAD9 /* SnabblePhoneAuth in Frameworks */ = {isa = PBXBuildFile; productRef = 76A1F0622B9F1C4E000CDAD9 /* SnabblePhoneAuth */; };
		76A9F7202A09272200C162B1 /* SnabbleConfig.swift in Sources */ = {isa = PBXBuildFile; fileRef = 76A9F71F2A09272100C162B1 /* SnabbleConfig.swift */; };
		76A9F7242A0A56DA00C162B1 /* PhoneAuthScreen.swift in Sources */ = {isa = PBXBuildFile; fileRef = 76A9F7232A0A56DA00C162B1 /* PhoneAuthScreen.swift */; };
		76FA1AD62A14BBFA008C15BF /* PhoneLoginTests.swift in Sources */ = {isa = PBXBuildFile; fileRef = 76FA1AD52A14BBFA008C15BF /* PhoneLoginTests.swift */; };
		E1E982722B7B9B6700BB995E /* ProgressButtonView.swift in Sources */ = {isa = PBXBuildFile; fileRef = E1E9826D2B7B9B6600BB995E /* ProgressButtonView.swift */; };
		E1E982732B7B9B6700BB995E /* CodeView.swift in Sources */ = {isa = PBXBuildFile; fileRef = E1E9826E2B7B9B6600BB995E /* CodeView.swift */; };
		E1E982742B7B9B6700BB995E /* NumberView.swift in Sources */ = {isa = PBXBuildFile; fileRef = E1E9826F2B7B9B6600BB995E /* NumberView.swift */; };
		E1E982752B7B9B6700BB995E /* LockedButtonView.swift in Sources */ = {isa = PBXBuildFile; fileRef = E1E982702B7B9B6700BB995E /* LockedButtonView.swift */; };
		E1E982782B7B9B6E00BB995E /* ButtonStyles.swift in Sources */ = {isa = PBXBuildFile; fileRef = E1E982772B7B9B6E00BB995E /* ButtonStyles.swift */; };
/* End PBXBuildFile section */

/* Begin PBXContainerItemProxy section */
		76FA1AD72A14BBFA008C15BF /* PBXContainerItemProxy */ = {
			isa = PBXContainerItemProxy;
			containerPortal = 7691BA8F2976C3F400477EDD /* Project object */;
			proxyType = 1;
			remoteGlobalIDString = 7691BA962976C3F400477EDD;
			remoteInfo = PhoneLogin;
		};
/* End PBXContainerItemProxy section */

/* Begin PBXFileReference section */
		7603BBA72B9F5B65000B220A /* CountryCallingCodeButtonView.swift */ = {isa = PBXFileReference; fileEncoding = 4; lastKnownFileType = sourcecode.swift; path = CountryCallingCodeButtonView.swift; sourceTree = "<group>"; };
		768915E12A0129C100C4799A /* Info.plist */ = {isa = PBXFileReference; lastKnownFileType = text.plist; path = Info.plist; sourceTree = "<group>"; };
		7691BA972976C3F400477EDD /* PhoneLogin.app */ = {isa = PBXFileReference; explicitFileType = wrapper.application; includeInIndex = 0; path = PhoneLogin.app; sourceTree = BUILT_PRODUCTS_DIR; };
		7691BA9A2976C3F400477EDD /* PhoneLoginApp.swift */ = {isa = PBXFileReference; lastKnownFileType = sourcecode.swift; path = PhoneLoginApp.swift; sourceTree = "<group>"; };
		7691BA9E2976C3F500477EDD /* Assets.xcassets */ = {isa = PBXFileReference; lastKnownFileType = folder.assetcatalog; path = Assets.xcassets; sourceTree = "<group>"; };
		7691BAA02976C3F500477EDD /* PhoneLogin.entitlements */ = {isa = PBXFileReference; lastKnownFileType = text.plist.entitlements; path = PhoneLogin.entitlements; sourceTree = "<group>"; };
		7691BAA22976C3F500477EDD /* Preview Assets.xcassets */ = {isa = PBXFileReference; lastKnownFileType = folder.assetcatalog; path = "Preview Assets.xcassets"; sourceTree = "<group>"; };
		76A9F71F2A09272100C162B1 /* SnabbleConfig.swift */ = {isa = PBXFileReference; fileEncoding = 4; lastKnownFileType = sourcecode.swift; path = SnabbleConfig.swift; sourceTree = "<group>"; };
		76A9F7222A0A563C00C162B1 /* snabble-phoneauth-ios-sdk */ = {isa = PBXFileReference; lastKnownFileType = wrapper; name = "snabble-phoneauth-ios-sdk"; path = ..; sourceTree = "<group>"; };
		76A9F7232A0A56DA00C162B1 /* PhoneAuthScreen.swift */ = {isa = PBXFileReference; fileEncoding = 4; lastKnownFileType = sourcecode.swift; path = PhoneAuthScreen.swift; sourceTree = "<group>"; };
		76FA1AD32A14BBFA008C15BF /* PhoneLoginTests.xctest */ = {isa = PBXFileReference; explicitFileType = wrapper.cfbundle; includeInIndex = 0; path = PhoneLoginTests.xctest; sourceTree = BUILT_PRODUCTS_DIR; };
		76FA1AD52A14BBFA008C15BF /* PhoneLoginTests.swift */ = {isa = PBXFileReference; lastKnownFileType = sourcecode.swift; path = PhoneLoginTests.swift; sourceTree = "<group>"; };
		E167829F2A14CAF6008CAB2B /* PhoneLogin.xctestplan */ = {isa = PBXFileReference; lastKnownFileType = text; path = PhoneLogin.xctestplan; sourceTree = "<group>"; };
		E1E9826D2B7B9B6600BB995E /* ProgressButtonView.swift */ = {isa = PBXFileReference; fileEncoding = 4; lastKnownFileType = sourcecode.swift; path = ProgressButtonView.swift; sourceTree = "<group>"; };
		E1E9826E2B7B9B6600BB995E /* CodeView.swift */ = {isa = PBXFileReference; fileEncoding = 4; lastKnownFileType = sourcecode.swift; path = CodeView.swift; sourceTree = "<group>"; };
		E1E9826F2B7B9B6600BB995E /* NumberView.swift */ = {isa = PBXFileReference; fileEncoding = 4; lastKnownFileType = sourcecode.swift; path = NumberView.swift; sourceTree = "<group>"; };
		E1E982702B7B9B6700BB995E /* LockedButtonView.swift */ = {isa = PBXFileReference; fileEncoding = 4; lastKnownFileType = sourcecode.swift; path = LockedButtonView.swift; sourceTree = "<group>"; };
		E1E982772B7B9B6E00BB995E /* ButtonStyles.swift */ = {isa = PBXFileReference; fileEncoding = 4; lastKnownFileType = sourcecode.swift; path = ButtonStyles.swift; sourceTree = "<group>"; };
/* End PBXFileReference section */

/* Begin PBXFrameworksBuildPhase section */
		7691BA942976C3F400477EDD /* Frameworks */ = {
			isa = PBXFrameworksBuildPhase;
			buildActionMask = 2147483647;
			files = (
				76A1F0632B9F1C4E000CDAD9 /* SnabblePhoneAuth in Frameworks */,
			);
			runOnlyForDeploymentPostprocessing = 0;
		};
		76FA1AD02A14BBFA008C15BF /* Frameworks */ = {
			isa = PBXFrameworksBuildPhase;
			buildActionMask = 2147483647;
			files = (
			);
			runOnlyForDeploymentPostprocessing = 0;
		};
/* End PBXFrameworksBuildPhase section */

/* Begin PBXGroup section */
		763438EC2A01079B00C99AD5 /* Views */ = {
			isa = PBXGroup;
			children = (
				E1E982772B7B9B6E00BB995E /* ButtonStyles.swift */,
				E1E9826E2B7B9B6600BB995E /* CodeView.swift */,
				7603BBA72B9F5B65000B220A /* CountryCallingCodeButtonView.swift */,
				E1E982702B7B9B6700BB995E /* LockedButtonView.swift */,
				E1E9826F2B7B9B6600BB995E /* NumberView.swift */,
				E1E9826D2B7B9B6600BB995E /* ProgressButtonView.swift */,
				76A9F7232A0A56DA00C162B1 /* PhoneAuthScreen.swift */,
			);
			path = Views;
			sourceTree = "<group>";
		};
		765FFAA02A1B8F14005DE2C3 /* Models */ = {
			isa = PBXGroup;
			children = (
				76A9F71F2A09272100C162B1 /* SnabbleConfig.swift */,
			);
			path = Models;
			sourceTree = "<group>";
		};
		768915DE2A010BA500C4799A /* Frameworks */ = {
			isa = PBXGroup;
			children = (
			);
			name = Frameworks;
			sourceTree = "<group>";
		};
		7691BA8E2976C3F400477EDD = {
			isa = PBXGroup;
			children = (
				E167829F2A14CAF6008CAB2B /* PhoneLogin.xctestplan */,
				76A9F7212A0A563C00C162B1 /* Packages */,
				7691BA992976C3F400477EDD /* PhoneLogin */,
				76FA1AD42A14BBFA008C15BF /* PhoneLoginTests */,
				7691BA982976C3F400477EDD /* Products */,
				768915DE2A010BA500C4799A /* Frameworks */,
			);
			sourceTree = "<group>";
		};
		7691BA982976C3F400477EDD /* Products */ = {
			isa = PBXGroup;
			children = (
				7691BA972976C3F400477EDD /* PhoneLogin.app */,
				76FA1AD32A14BBFA008C15BF /* PhoneLoginTests.xctest */,
			);
			name = Products;
			sourceTree = "<group>";
		};
		7691BA992976C3F400477EDD /* PhoneLogin */ = {
			isa = PBXGroup;
			children = (
				768915E12A0129C100C4799A /* Info.plist */,
				7691BA9A2976C3F400477EDD /* PhoneLoginApp.swift */,
				765FFAA02A1B8F14005DE2C3 /* Models */,
				763438EC2A01079B00C99AD5 /* Views */,
				7691BA9E2976C3F500477EDD /* Assets.xcassets */,
				7691BAA02976C3F500477EDD /* PhoneLogin.entitlements */,
				7691BAA12976C3F500477EDD /* Preview Content */,
			);
			path = PhoneLogin;
			sourceTree = "<group>";
		};
		7691BAA12976C3F500477EDD /* Preview Content */ = {
			isa = PBXGroup;
			children = (
				7691BAA22976C3F500477EDD /* Preview Assets.xcassets */,
			);
			path = "Preview Content";
			sourceTree = "<group>";
		};
		76A9F7212A0A563C00C162B1 /* Packages */ = {
			isa = PBXGroup;
			children = (
				76A9F7222A0A563C00C162B1 /* snabble-phoneauth-ios-sdk */,
			);
			name = Packages;
			sourceTree = "<group>";
		};
		76FA1AD42A14BBFA008C15BF /* PhoneLoginTests */ = {
			isa = PBXGroup;
			children = (
				76FA1AD52A14BBFA008C15BF /* PhoneLoginTests.swift */,
			);
			path = PhoneLoginTests;
			sourceTree = "<group>";
		};
/* End PBXGroup section */

/* Begin PBXNativeTarget section */
		7691BA962976C3F400477EDD /* PhoneLogin */ = {
			isa = PBXNativeTarget;
			buildConfigurationList = 7691BAA62976C3F500477EDD /* Build configuration list for PBXNativeTarget "PhoneLogin" */;
			buildPhases = (
				E135A0FD2ABC589E00212BA0 /* SwiftLint */,
				7691BA932976C3F400477EDD /* Sources */,
				7691BA942976C3F400477EDD /* Frameworks */,
				7691BA952976C3F400477EDD /* Resources */,
			);
			buildRules = (
			);
			dependencies = (
				E17225432A0BB6A000377187 /* PBXTargetDependency */,
			);
			name = PhoneLogin;
			packageProductDependencies = (
				76A1F0622B9F1C4E000CDAD9 /* SnabblePhoneAuth */,
			);
			productName = PhoneLogin;
			productReference = 7691BA972976C3F400477EDD /* PhoneLogin.app */;
			productType = "com.apple.product-type.application";
		};
		76FA1AD22A14BBFA008C15BF /* PhoneLoginTests */ = {
			isa = PBXNativeTarget;
			buildConfigurationList = 76FA1AD92A14BBFA008C15BF /* Build configuration list for PBXNativeTarget "PhoneLoginTests" */;
			buildPhases = (
				76FA1ACF2A14BBFA008C15BF /* Sources */,
				76FA1AD02A14BBFA008C15BF /* Frameworks */,
				76FA1AD12A14BBFA008C15BF /* Resources */,
			);
			buildRules = (
			);
			dependencies = (
				76FA1AD82A14BBFA008C15BF /* PBXTargetDependency */,
			);
			name = PhoneLoginTests;
			productName = PhoneLoginTests;
			productReference = 76FA1AD32A14BBFA008C15BF /* PhoneLoginTests.xctest */;
			productType = "com.apple.product-type.bundle.unit-test";
		};
/* End PBXNativeTarget section */

/* Begin PBXProject section */
		7691BA8F2976C3F400477EDD /* Project object */ = {
			isa = PBXProject;
			attributes = {
				BuildIndependentTargetsInParallel = 1;
				LastSwiftUpdateCheck = 1430;
				LastUpgradeCheck = 1430;
				TargetAttributes = {
					7691BA962976C3F400477EDD = {
						CreatedOnToolsVersion = 14.2;
					};
					76FA1AD22A14BBFA008C15BF = {
						CreatedOnToolsVersion = 14.3;
						TestTargetID = 7691BA962976C3F400477EDD;
					};
				};
			};
			buildConfigurationList = 7691BA922976C3F400477EDD /* Build configuration list for PBXProject "PhoneLogin" */;
			compatibilityVersion = "Xcode 14.0";
			developmentRegion = en;
			hasScannedForEncodings = 0;
			knownRegions = (
				en,
				Base,
			);
			mainGroup = 7691BA8E2976C3F400477EDD;
			packageReferences = (
			);
			productRefGroup = 7691BA982976C3F400477EDD /* Products */;
			projectDirPath = "";
			projectRoot = "";
			targets = (
				7691BA962976C3F400477EDD /* PhoneLogin */,
				76FA1AD22A14BBFA008C15BF /* PhoneLoginTests */,
			);
		};
/* End PBXProject section */

/* Begin PBXResourcesBuildPhase section */
		7691BA952976C3F400477EDD /* Resources */ = {
			isa = PBXResourcesBuildPhase;
			buildActionMask = 2147483647;
			files = (
				7691BAA32976C3F500477EDD /* Preview Assets.xcassets in Resources */,
				7691BA9F2976C3F500477EDD /* Assets.xcassets in Resources */,
			);
			runOnlyForDeploymentPostprocessing = 0;
		};
		76FA1AD12A14BBFA008C15BF /* Resources */ = {
			isa = PBXResourcesBuildPhase;
			buildActionMask = 2147483647;
			files = (
			);
			runOnlyForDeploymentPostprocessing = 0;
		};
/* End PBXResourcesBuildPhase section */

/* Begin PBXShellScriptBuildPhase section */
		E135A0FD2ABC589E00212BA0 /* SwiftLint */ = {
			isa = PBXShellScriptBuildPhase;
			alwaysOutOfDate = 1;
			buildActionMask = 2147483647;
			files = (
			);
			inputFileListPaths = (
			);
			inputPaths = (
			);
			name = SwiftLint;
			outputFileListPaths = (
			);
			outputPaths = (
			);
			runOnlyForDeploymentPostprocessing = 0;
			shellPath = /bin/sh;
			shellScript = "if [[ -z \"$CI_XCODE_CLOUD\" ]]; then\n    if which mint > /dev/null; then\n        cd ..\n        mint run swiftlint --fix\n        mint run swiftlint\n    else\n        echo \"warning: Mint not installed, download from https://github.com/yonaskolb/Mint\"\n    fi\nfi\n";
		};
/* End PBXShellScriptBuildPhase section */

/* Begin PBXSourcesBuildPhase section */
		7691BA932976C3F400477EDD /* Sources */ = {
			isa = PBXSourcesBuildPhase;
			buildActionMask = 2147483647;
			files = (
				76A9F7202A09272200C162B1 /* SnabbleConfig.swift in Sources */,
				76A9F7242A0A56DA00C162B1 /* PhoneAuthScreen.swift in Sources */,
				E1E982752B7B9B6700BB995E /* LockedButtonView.swift in Sources */,
				E1E982782B7B9B6E00BB995E /* ButtonStyles.swift in Sources */,
				7691BA9B2976C3F400477EDD /* PhoneLoginApp.swift in Sources */,
				E1E982732B7B9B6700BB995E /* CodeView.swift in Sources */,
				E1E982722B7B9B6700BB995E /* ProgressButtonView.swift in Sources */,
				7603BBA82B9F5B65000B220A /* CountryCallingCodeButtonView.swift in Sources */,
				E1E982742B7B9B6700BB995E /* NumberView.swift in Sources */,
			);
			runOnlyForDeploymentPostprocessing = 0;
		};
		76FA1ACF2A14BBFA008C15BF /* Sources */ = {
			isa = PBXSourcesBuildPhase;
			buildActionMask = 2147483647;
			files = (
				76FA1AD62A14BBFA008C15BF /* PhoneLoginTests.swift in Sources */,
			);
			runOnlyForDeploymentPostprocessing = 0;
		};
/* End PBXSourcesBuildPhase section */

/* Begin PBXTargetDependency section */
		76FA1AD82A14BBFA008C15BF /* PBXTargetDependency */ = {
			isa = PBXTargetDependency;
			target = 7691BA962976C3F400477EDD /* PhoneLogin */;
			targetProxy = 76FA1AD72A14BBFA008C15BF /* PBXContainerItemProxy */;
		};
		E17225432A0BB6A000377187 /* PBXTargetDependency */ = {
			isa = PBXTargetDependency;
			productRef = E17225422A0BB6A000377187 /* SwiftLintPlugin */;
		};
/* End PBXTargetDependency section */

/* Begin XCBuildConfiguration section */
		7691BAA42976C3F500477EDD /* Debug */ = {
			isa = XCBuildConfiguration;
			buildSettings = {
				ALWAYS_SEARCH_USER_PATHS = NO;
				CLANG_ANALYZER_LOCALIZABILITY_NONLOCALIZED = YES;
				CLANG_ANALYZER_NONNULL = YES;
				CLANG_ANALYZER_NUMBER_OBJECT_CONVERSION = YES_AGGRESSIVE;
				CLANG_CXX_LANGUAGE_STANDARD = "gnu++20";
				CLANG_ENABLE_MODULES = YES;
				CLANG_ENABLE_OBJC_ARC = YES;
				CLANG_ENABLE_OBJC_WEAK = YES;
				CLANG_WARN_BLOCK_CAPTURE_AUTORELEASING = YES;
				CLANG_WARN_BOOL_CONVERSION = YES;
				CLANG_WARN_COMMA = YES;
				CLANG_WARN_CONSTANT_CONVERSION = YES;
				CLANG_WARN_DEPRECATED_OBJC_IMPLEMENTATIONS = YES;
				CLANG_WARN_DIRECT_OBJC_ISA_USAGE = YES_ERROR;
				CLANG_WARN_DOCUMENTATION_COMMENTS = YES;
				CLANG_WARN_EMPTY_BODY = YES;
				CLANG_WARN_ENUM_CONVERSION = YES;
				CLANG_WARN_INFINITE_RECURSION = YES;
				CLANG_WARN_INT_CONVERSION = YES;
				CLANG_WARN_NON_LITERAL_NULL_CONVERSION = YES;
				CLANG_WARN_OBJC_IMPLICIT_RETAIN_SELF = YES;
				CLANG_WARN_OBJC_LITERAL_CONVERSION = YES;
				CLANG_WARN_OBJC_ROOT_CLASS = YES_ERROR;
				CLANG_WARN_QUOTED_INCLUDE_IN_FRAMEWORK_HEADER = YES;
				CLANG_WARN_RANGE_LOOP_ANALYSIS = YES;
				CLANG_WARN_STRICT_PROTOTYPES = YES;
				CLANG_WARN_SUSPICIOUS_MOVE = YES;
				CLANG_WARN_UNGUARDED_AVAILABILITY = YES_AGGRESSIVE;
				CLANG_WARN_UNREACHABLE_CODE = YES;
				CLANG_WARN__DUPLICATE_METHOD_MATCH = YES;
				COPY_PHASE_STRIP = NO;
				DEAD_CODE_STRIPPING = YES;
				DEBUG_INFORMATION_FORMAT = dwarf;
				ENABLE_STRICT_OBJC_MSGSEND = YES;
				ENABLE_TESTABILITY = YES;
				GCC_C_LANGUAGE_STANDARD = gnu11;
				GCC_DYNAMIC_NO_PIC = NO;
				GCC_NO_COMMON_BLOCKS = YES;
				GCC_OPTIMIZATION_LEVEL = 0;
				GCC_PREPROCESSOR_DEFINITIONS = (
					"DEBUG=1",
					"$(inherited)",
				);
				GCC_WARN_64_TO_32_BIT_CONVERSION = YES;
				GCC_WARN_ABOUT_RETURN_TYPE = YES_ERROR;
				GCC_WARN_UNDECLARED_SELECTOR = YES;
				GCC_WARN_UNINITIALIZED_AUTOS = YES_AGGRESSIVE;
				GCC_WARN_UNUSED_FUNCTION = YES;
				GCC_WARN_UNUSED_VARIABLE = YES;
				MTL_ENABLE_DEBUG_INFO = INCLUDE_SOURCE;
				MTL_FAST_MATH = YES;
				ONLY_ACTIVE_ARCH = YES;
				SWIFT_ACTIVE_COMPILATION_CONDITIONS = DEBUG;
				SWIFT_OPTIMIZATION_LEVEL = "-Onone";
			};
			name = Debug;
		};
		7691BAA52976C3F500477EDD /* Release */ = {
			isa = XCBuildConfiguration;
			buildSettings = {
				ALWAYS_SEARCH_USER_PATHS = NO;
				CLANG_ANALYZER_LOCALIZABILITY_NONLOCALIZED = YES;
				CLANG_ANALYZER_NONNULL = YES;
				CLANG_ANALYZER_NUMBER_OBJECT_CONVERSION = YES_AGGRESSIVE;
				CLANG_CXX_LANGUAGE_STANDARD = "gnu++20";
				CLANG_ENABLE_MODULES = YES;
				CLANG_ENABLE_OBJC_ARC = YES;
				CLANG_ENABLE_OBJC_WEAK = YES;
				CLANG_WARN_BLOCK_CAPTURE_AUTORELEASING = YES;
				CLANG_WARN_BOOL_CONVERSION = YES;
				CLANG_WARN_COMMA = YES;
				CLANG_WARN_CONSTANT_CONVERSION = YES;
				CLANG_WARN_DEPRECATED_OBJC_IMPLEMENTATIONS = YES;
				CLANG_WARN_DIRECT_OBJC_ISA_USAGE = YES_ERROR;
				CLANG_WARN_DOCUMENTATION_COMMENTS = YES;
				CLANG_WARN_EMPTY_BODY = YES;
				CLANG_WARN_ENUM_CONVERSION = YES;
				CLANG_WARN_INFINITE_RECURSION = YES;
				CLANG_WARN_INT_CONVERSION = YES;
				CLANG_WARN_NON_LITERAL_NULL_CONVERSION = YES;
				CLANG_WARN_OBJC_IMPLICIT_RETAIN_SELF = YES;
				CLANG_WARN_OBJC_LITERAL_CONVERSION = YES;
				CLANG_WARN_OBJC_ROOT_CLASS = YES_ERROR;
				CLANG_WARN_QUOTED_INCLUDE_IN_FRAMEWORK_HEADER = YES;
				CLANG_WARN_RANGE_LOOP_ANALYSIS = YES;
				CLANG_WARN_STRICT_PROTOTYPES = YES;
				CLANG_WARN_SUSPICIOUS_MOVE = YES;
				CLANG_WARN_UNGUARDED_AVAILABILITY = YES_AGGRESSIVE;
				CLANG_WARN_UNREACHABLE_CODE = YES;
				CLANG_WARN__DUPLICATE_METHOD_MATCH = YES;
				COPY_PHASE_STRIP = NO;
				DEAD_CODE_STRIPPING = YES;
				DEBUG_INFORMATION_FORMAT = "dwarf-with-dsym";
				ENABLE_NS_ASSERTIONS = NO;
				ENABLE_STRICT_OBJC_MSGSEND = YES;
				GCC_C_LANGUAGE_STANDARD = gnu11;
				GCC_NO_COMMON_BLOCKS = YES;
				GCC_WARN_64_TO_32_BIT_CONVERSION = YES;
				GCC_WARN_ABOUT_RETURN_TYPE = YES_ERROR;
				GCC_WARN_UNDECLARED_SELECTOR = YES;
				GCC_WARN_UNINITIALIZED_AUTOS = YES_AGGRESSIVE;
				GCC_WARN_UNUSED_FUNCTION = YES;
				GCC_WARN_UNUSED_VARIABLE = YES;
				MTL_ENABLE_DEBUG_INFO = NO;
				MTL_FAST_MATH = YES;
				SWIFT_COMPILATION_MODE = wholemodule;
				SWIFT_OPTIMIZATION_LEVEL = "-O";
			};
			name = Release;
		};
		7691BAA72976C3F500477EDD /* Debug */ = {
			isa = XCBuildConfiguration;
			buildSettings = {
				ASSETCATALOG_COMPILER_APPICON_NAME = AppIcon;
				ASSETCATALOG_COMPILER_GLOBAL_ACCENT_COLOR_NAME = AccentColor;
				CODE_SIGN_ENTITLEMENTS = PhoneLogin/PhoneLogin.entitlements;
				CODE_SIGN_STYLE = Automatic;
				CURRENT_PROJECT_VERSION = 2;
				DEAD_CODE_STRIPPING = YES;
				DEVELOPMENT_ASSET_PATHS = "\"PhoneLogin/Preview Content\"";
				DEVELOPMENT_TEAM = 53K7JS449L;
				ENABLE_HARDENED_RUNTIME = NO;
				ENABLE_PREVIEWS = YES;
				GENERATE_INFOPLIST_FILE = YES;
				INFOPLIST_FILE = PhoneLogin/Info.plist;
				"INFOPLIST_KEY_UIApplicationSceneManifest_Generation[sdk=iphoneos*]" = YES;
				"INFOPLIST_KEY_UIApplicationSceneManifest_Generation[sdk=iphonesimulator*]" = YES;
				"INFOPLIST_KEY_UIApplicationSupportsIndirectInputEvents[sdk=iphoneos*]" = YES;
				"INFOPLIST_KEY_UIApplicationSupportsIndirectInputEvents[sdk=iphonesimulator*]" = YES;
				"INFOPLIST_KEY_UILaunchScreen_Generation[sdk=iphoneos*]" = YES;
				"INFOPLIST_KEY_UILaunchScreen_Generation[sdk=iphonesimulator*]" = YES;
				"INFOPLIST_KEY_UIStatusBarStyle[sdk=iphoneos*]" = UIStatusBarStyleDefault;
				"INFOPLIST_KEY_UIStatusBarStyle[sdk=iphonesimulator*]" = UIStatusBarStyleDefault;
				INFOPLIST_KEY_UISupportedInterfaceOrientations = UIInterfaceOrientationPortrait;
				INFOPLIST_KEY_UISupportedInterfaceOrientations_iPad = "UIInterfaceOrientationLandscapeLeft UIInterfaceOrientationLandscapeRight UIInterfaceOrientationPortrait UIInterfaceOrientationPortraitUpsideDown";
				IPHONEOS_DEPLOYMENT_TARGET = 16.0;
				LD_RUNPATH_SEARCH_PATHS = "@executable_path/Frameworks";
				"LD_RUNPATH_SEARCH_PATHS[sdk=macosx*]" = "@executable_path/../Frameworks";
				MACOSX_DEPLOYMENT_TARGET = 13.1;
				MARKETING_VERSION = 1.0;
				PRODUCT_BUNDLE_IDENTIFIER = io.snabble.PhoneLogin;
				PRODUCT_NAME = "$(TARGET_NAME)";
				SDKROOT = auto;
				SUPPORTED_PLATFORMS = "iphoneos iphonesimulator";
				SUPPORTS_MACCATALYST = NO;
				SUPPORTS_MAC_DESIGNED_FOR_IPHONE_IPAD = NO;
				SWIFT_EMIT_LOC_STRINGS = YES;
				SWIFT_VERSION = 5.0;
				TARGETED_DEVICE_FAMILY = "1,2";
			};
			name = Debug;
		};
		7691BAA82976C3F500477EDD /* Release */ = {
			isa = XCBuildConfiguration;
			buildSettings = {
				ASSETCATALOG_COMPILER_APPICON_NAME = AppIcon;
				ASSETCATALOG_COMPILER_GLOBAL_ACCENT_COLOR_NAME = AccentColor;
				CODE_SIGN_ENTITLEMENTS = PhoneLogin/PhoneLogin.entitlements;
				CODE_SIGN_STYLE = Automatic;
				CURRENT_PROJECT_VERSION = 2;
				DEAD_CODE_STRIPPING = YES;
				DEVELOPMENT_ASSET_PATHS = "\"PhoneLogin/Preview Content\"";
				DEVELOPMENT_TEAM = 53K7JS449L;
				ENABLE_HARDENED_RUNTIME = NO;
				ENABLE_PREVIEWS = YES;
				GENERATE_INFOPLIST_FILE = YES;
				INFOPLIST_FILE = PhoneLogin/Info.plist;
				"INFOPLIST_KEY_UIApplicationSceneManifest_Generation[sdk=iphoneos*]" = YES;
				"INFOPLIST_KEY_UIApplicationSceneManifest_Generation[sdk=iphonesimulator*]" = YES;
				"INFOPLIST_KEY_UIApplicationSupportsIndirectInputEvents[sdk=iphoneos*]" = YES;
				"INFOPLIST_KEY_UIApplicationSupportsIndirectInputEvents[sdk=iphonesimulator*]" = YES;
				"INFOPLIST_KEY_UILaunchScreen_Generation[sdk=iphoneos*]" = YES;
				"INFOPLIST_KEY_UILaunchScreen_Generation[sdk=iphonesimulator*]" = YES;
				"INFOPLIST_KEY_UIStatusBarStyle[sdk=iphoneos*]" = UIStatusBarStyleDefault;
				"INFOPLIST_KEY_UIStatusBarStyle[sdk=iphonesimulator*]" = UIStatusBarStyleDefault;
				INFOPLIST_KEY_UISupportedInterfaceOrientations = UIInterfaceOrientationPortrait;
				INFOPLIST_KEY_UISupportedInterfaceOrientations_iPad = "UIInterfaceOrientationLandscapeLeft UIInterfaceOrientationLandscapeRight UIInterfaceOrientationPortrait UIInterfaceOrientationPortraitUpsideDown";
				IPHONEOS_DEPLOYMENT_TARGET = 16.0;
				LD_RUNPATH_SEARCH_PATHS = "@executable_path/Frameworks";
				"LD_RUNPATH_SEARCH_PATHS[sdk=macosx*]" = "@executable_path/../Frameworks";
				MACOSX_DEPLOYMENT_TARGET = 13.1;
				MARKETING_VERSION = 1.0;
				PRODUCT_BUNDLE_IDENTIFIER = io.snabble.PhoneLogin;
				PRODUCT_NAME = "$(TARGET_NAME)";
				SDKROOT = auto;
				SUPPORTED_PLATFORMS = "iphoneos iphonesimulator";
				SUPPORTS_MACCATALYST = NO;
				SUPPORTS_MAC_DESIGNED_FOR_IPHONE_IPAD = NO;
				SWIFT_EMIT_LOC_STRINGS = YES;
				SWIFT_VERSION = 5.0;
				TARGETED_DEVICE_FAMILY = "1,2";
			};
			name = Release;
		};
		76FA1ADA2A14BBFA008C15BF /* Debug */ = {
			isa = XCBuildConfiguration;
			buildSettings = {
				BUNDLE_LOADER = "$(TEST_HOST)";
				CODE_SIGN_STYLE = Automatic;
				CURRENT_PROJECT_VERSION = 1;
				DEVELOPMENT_TEAM = 53K7JS449L;
				GENERATE_INFOPLIST_FILE = YES;
				IPHONEOS_DEPLOYMENT_TARGET = 16.0;
				MARKETING_VERSION = 1.0;
				PRODUCT_BUNDLE_IDENTIFIER = io.snabble..PhoneLoginTests;
				PRODUCT_NAME = "$(TARGET_NAME)";
				SDKROOT = iphoneos;
				SWIFT_EMIT_LOC_STRINGS = NO;
				SWIFT_VERSION = 5.0;
				TARGETED_DEVICE_FAMILY = "1,2";
				TEST_HOST = "$(BUILT_PRODUCTS_DIR)/PhoneLogin.app/$(BUNDLE_EXECUTABLE_FOLDER_PATH)/PhoneLogin";
			};
			name = Debug;
		};
		76FA1ADB2A14BBFA008C15BF /* Release */ = {
			isa = XCBuildConfiguration;
			buildSettings = {
				BUNDLE_LOADER = "$(TEST_HOST)";
				CODE_SIGN_STYLE = Automatic;
				CURRENT_PROJECT_VERSION = 1;
				DEVELOPMENT_TEAM = 53K7JS449L;
				GENERATE_INFOPLIST_FILE = YES;
				IPHONEOS_DEPLOYMENT_TARGET = 16.0;
				MARKETING_VERSION = 1.0;
				PRODUCT_BUNDLE_IDENTIFIER = io.snabble..PhoneLoginTests;
				PRODUCT_NAME = "$(TARGET_NAME)";
				SDKROOT = iphoneos;
				SWIFT_EMIT_LOC_STRINGS = NO;
				SWIFT_VERSION = 5.0;
				TARGETED_DEVICE_FAMILY = "1,2";
				TEST_HOST = "$(BUILT_PRODUCTS_DIR)/PhoneLogin.app/$(BUNDLE_EXECUTABLE_FOLDER_PATH)/PhoneLogin";
				VALIDATE_PRODUCT = YES;
			};
			name = Release;
		};
/* End XCBuildConfiguration section */

/* Begin XCConfigurationList section */
		7691BA922976C3F400477EDD /* Build configuration list for PBXProject "PhoneLogin" */ = {
			isa = XCConfigurationList;
			buildConfigurations = (
				7691BAA42976C3F500477EDD /* Debug */,
				7691BAA52976C3F500477EDD /* Release */,
			);
			defaultConfigurationIsVisible = 0;
			defaultConfigurationName = Release;
		};
		7691BAA62976C3F500477EDD /* Build configuration list for PBXNativeTarget "PhoneLogin" */ = {
			isa = XCConfigurationList;
			buildConfigurations = (
				7691BAA72976C3F500477EDD /* Debug */,
				7691BAA82976C3F500477EDD /* Release */,
			);
			defaultConfigurationIsVisible = 0;
			defaultConfigurationName = Release;
		};
		76FA1AD92A14BBFA008C15BF /* Build configuration list for PBXNativeTarget "PhoneLoginTests" */ = {
			isa = XCConfigurationList;
			buildConfigurations = (
				76FA1ADA2A14BBFA008C15BF /* Debug */,
				76FA1ADB2A14BBFA008C15BF /* Release */,
			);
			defaultConfigurationIsVisible = 0;
			defaultConfigurationName = Release;
		};
/* End XCConfigurationList section */

/* Begin XCSwiftPackageProductDependency section */
		76A1F0622B9F1C4E000CDAD9 /* SnabblePhoneAuth */ = {
			isa = XCSwiftPackageProductDependency;
			productName = SnabblePhoneAuth;
		};
		E17225422A0BB6A000377187 /* SwiftLintPlugin */ = {
			isa = XCSwiftPackageProductDependency;
			productName = "plugin:SwiftLintPlugin";
		};
/* End XCSwiftPackageProductDependency section */
	};
	rootObject = 7691BA8F2976C3F400477EDD /* Project object */;
}
