{
  "pins" : [
    {
      "identity" : "devicekit",
      "kind" : "remoteSourceControl",
      "location" : "https://github.com/devicekit/DeviceKit.git",
      "state" : {
        "revision" : "fe41d18eccd92a115cffaa35dfff03018c67e635",
        "version" : "5.2.2"
      }
    },
    {
      "identity" : "grdb.swift",
      "kind" : "remoteSourceControl",
      "location" : "https://github.com/groue/GRDB.swift.git",
      "state" : {
        "revision" : "e069e2732e3ee2b67bf89c1bda1937da0eaee7ef",
        "version" : "6.24.2"
      }
    },
    {
      "identity" : "ios-sdk",
      "kind" : "remoteSourceControl",
      "location" : "https://github.com/datatrans/ios-sdk.git",
      "state" : {
        "revision" : "e7f2ef1f2abfcbb2f290e28b09db8e1d18951d1b",
        "version" : "3.5.0"
      }
    },
    {
      "identity" : "keychainaccess",
      "kind" : "remoteSourceControl",
      "location" : "https://github.com/kishikawakatsumi/KeychainAccess.git",
      "state" : {
        "revision" : "84e546727d66f1adc5439debad16270d0fdd04e7",
        "version" : "4.2.2"
      }
    },
    {
      "identity" : "pulley",
      "kind" : "remoteSourceControl",
      "location" : "https://github.com/snabble/Pulley.git",
      "state" : {
        "revision" : "1728c7ce69857134db82ad82300772a4364d2af5",
        "version" : "2.9.2"
      }
    },
    {
      "identity" : "sdcalertview",
      "kind" : "remoteSourceControl",
      "location" : "https://github.com/sberrevoets/SDCAlertView.git",
      "state" : {
        "revision" : "8d821711afc967b44c74bbd57ba2b2bfeaefb118",
        "version" : "12.0.3"
      }
    },
    {
      "identity" : "swift-crypto",
      "kind" : "remoteSourceControl",
      "location" : "https://github.com/apple/swift-crypto.git",
      "state" : {
        "revision" : "cc76b894169a3c86b71bac10c78a4db6beb7a9ad",
        "version" : "3.2.0"
      }
    },
    {
      "identity" : "swiftotp",
      "kind" : "remoteSourceControl",
      "location" : "https://github.com/lachlanbell/SwiftOTP",
      "state" : {
        "revision" : "9660551ea3df153c3cbacfa34ac3abbec73a8b84",
        "version" : "3.0.2"
      }
    },
    {
      "identity" : "trustkit",
      "kind" : "remoteSourceControl",
      "location" : "https://github.com/datatheorem/TrustKit.git",
      "state" : {
        "revision" : "5718ba8720b4dafc5360aebfbc9762e2d5f2615e",
        "version" : "3.0.3"
      }
    },
    {
      "identity" : "wcag-colors",
      "kind" : "remoteSourceControl",
      "location" : "https://github.com/chrs1885/WCAG-Colors.git",
      "state" : {
        "revision" : "b7f44fad81e8e17da7e6201265e1288e088e57f3",
        "version" : "1.0.0"
      }
    },
    {
      "identity" : "zip",
      "kind" : "remoteSourceControl",
      "location" : "https://github.com/marmelroy/Zip.git",
      "state" : {
        "revision" : "67fa55813b9e7b3b9acee9c0ae501def28746d76",
        "version" : "2.1.2"
      }
    }
  ],
  "version" : 2
}
